
Microsoft Visual Studio Solution File, Format Version 11.00
# Visual Studio 2010
Project("{8BC9CEB8-8B4A-11D0-8D11-00A0C91BC942}") = "libjson", "libjson.vcxproj", "{28C6F880-B46D-451B-94EA-CD417B3FAA2C}"
EndProject
Project("{8BC9CEB8-8B4A-11D0-8D11-00A0C91BC942}") = "testlibjson", "..\testlibjson\testlibjson.vcxproj", "{7431FAD0-15D3-44D8-A704-FC69CEE073BD}"
EndProject
Global
	GlobalSection(SolutionConfigurationPlatforms) = preSolution
		Debug|Win32 = Debug|Win32
		Release|Win32 = Release|Win32
	EndGlobalSection
	GlobalSection(ProjectConfigurationPlatforms) = postSolution
		{28C6F880-B46D-451B-94EA-CD417B3FAA2C}.Debug|Win32.ActiveCfg = Debug|Win32
		{28C6F880-B46D-451B-94EA-CD417B3FAA2C}.Debug|Win32.Build.0 = Debug|Win32
		{28C6F880-B46D-451B-94EA-CD417B3FAA2C}.Release|Win32.ActiveCfg = Release|Win32
		{28C6F880-B46D-451B-94EA-CD417B3FAA2C}.Release|Win32.Build.0 = Release|Win32
		{7431FAD0-15D3-44D8-A704-FC69CEE073BD}.Debug|Win32.ActiveCfg = Debug|Win32
		{7431FAD0-15D3-44D8-A704-FC69CEE073BD}.Debug|Win32.Build.0 = Debug|Win32
		{7431FAD0-15D3-44D8-A704-FC69CEE073BD}.Release|Win32.ActiveCfg = Release|Win32
		{7431FAD0-15D3-44D8-A704-FC69CEE073BD}.Release|Win32.Build.0 = Release|Win32
	EndGlobalSection
	GlobalSection(SolutionProperties) = preSolution
		HideSolutionNode = FALSE
	EndGlobalSection
EndGlobal
