<?xml version="1.0" encoding="utf-8"?>
<Project ToolsVersion="4.0" xmlns="http://schemas.microsoft.com/developer/msbuild/2003">
  <ItemGroup>
    <Filter Include="Source Files">
      <UniqueIdentifier>{4FC737F1-C7A5-4376-A066-2A32D752A2FF}</UniqueIdentifier>
      <Extensions>cpp;c;cc;cxx;def;odl;idl;hpj;bat;asm;asmx</Extensions>
    </Filter>
    <Filter Include="Header Files">
      <UniqueIdentifier>{93995380-89BD-4b04-88EB-625FBE52EBFB}</UniqueIdentifier>
      <Extensions>h;hpp;hxx;hm;inl;inc;xsd</Extensions>
    </Filter>
    <Filter Include="Resource Files">
      <UniqueIdentifier>{67DA6AB6-F800-4c08-8B7A-83BB121AAD01}</UniqueIdentifier>
      <Extensions>rc;ico;cur;bmp;dlg;rc2;rct;bin;rgs;gif;jpg;jpeg;jpe;resx;tiff;tif;png;wav;mfcribbon-ms</Extensions>
    </Filter>
  </ItemGroup>
  <ItemGroup>
    <None Include="ReadMe.txt" />
    <None Include="small.ico">
      <Filter>Resource Files</Filter>
    </None>
    <None Include="testUC.ico">
      <Filter>Resource Files</Filter>
    </None>
    <None Include="..\..\..\My Document\KPDesk\soft_desk\icon\delgroup_bk.png">
      <Filter>Resource Files</Filter>
    </None>
    <None Include="C:\Users\kp008\Desktop\CtrlDemo.png">
      <Filter>Resource Files</Filter>
    </None>
    <None Include="C:\Users\kp008\Desktop\cancel2.png">
      <Filter>Resource Files</Filter>
    </None>
    <None Include="..\..\..\My Document\KPDesk\soft_desk\icon\cancel.png">
      <Filter>Resource Files</Filter>
    </None>
    <None Include="..\..\..\My Document\KPDesk\soft_desk\icon\iknow.png">
      <Filter>Resource Files</Filter>
    </None>
    <None Include="..\..\..\My Document\KPDesk\soft_desk\icon\ok.png">
      <Filter>Resource Files</Filter>
    </None>
    <None Include="..\..\..\My Document\KPDesk\soft_desk\icon\close.png">
      <Filter>Resource Files</Filter>
    </None>
    <None Include="..\..\..\My Document\KPDesk\soft_desk\icon\dialog_bk_notify.png">
      <Filter>Resource Files</Filter>
    </None>
    <None Include="..\..\..\My Document\KPDesk\soft_desk\icon\select.png">
      <Filter>Resource Files</Filter>
    </None>
    <None Include="..\..\..\My Document\KPDesk\soft_desk\icon\selected.png">
      <Filter>Resource Files</Filter>
    </None>
    <None Include="..\..\..\My Document\KPDesk\soft_desk\icon\unselected.png">
      <Filter>Resource Files</Filter>
    </None>
    <None Include="..\..\..\My Document\KPDesk\soft_desk\icon\animate.png">
      <Filter>Resource Files</Filter>
    </None>
    <None Include="..\..\..\My Document\KPDesk\doc\整理桌面切图\175x175.png">
      <Filter>Resource Files</Filter>
    </None>
  </ItemGroup>
  <ItemGroup>
    <ClInclude Include="stdafx.h">
      <Filter>Header Files</Filter>
    </ClInclude>
    <ClInclude Include="targetver.h">
      <Filter>Header Files</Filter>
    </ClInclude>
    <ClInclude Include="Resource.h">
      <Filter>Header Files</Filter>
    </ClInclude>
    <ClInclude Include="testUC.h">
      <Filter>Header Files</Filter>
    </ClInclude>
    <ClInclude Include="..\drawManager.h">
      <Filter>Header Files</Filter>
    </ClInclude>
    <ClInclude Include="..\windowWnd.h">
      <Filter>Header Files</Filter>
    </ClInclude>
    <ClInclude Include="..\wucContainer.h">
      <Filter>Header Files</Filter>
    </ClInclude>
    <ClInclude Include="..\wucControl.h">
      <Filter>Header Files</Filter>
    </ClInclude>
    <ClInclude Include="..\wucBase.h">
      <Filter>Header Files</Filter>
    </ClInclude>
    <ClInclude Include="kpdeskDialog.h">
      <Filter>Header Files</Filter>
    </ClInclude>
    <ClInclude Include="..\wucdef.h">
      <Filter>Header Files</Filter>
    </ClInclude>
    <ClInclude Include="..\..\AC\basedef.h">
      <Filter>Header Files</Filter>
    </ClInclude>
    <ClInclude Include="..\..\AC\sysupport.h">
      <Filter>Header Files</Filter>
    </ClInclude>
    <ClInclude Include="..\..\AC\resourceManager.h">
      <Filter>Header Files</Filter>
    </ClInclude>
    <ClInclude Include="..\..\AC\draw\drawer.h">
      <Filter>Header Files</Filter>
    </ClInclude>
    <ClInclude Include="..\..\AC\baseobj.h">
      <Filter>Header Files</Filter>
    </ClInclude>
    <ClInclude Include="kpdeskNotify.h">
      <Filter>Header Files</Filter>
    </ClInclude>
    <ClInclude Include="..\wucAnimate.h">
      <Filter>Header Files</Filter>
    </ClInclude>
    <ClInclude Include="..\..\AC\image.h">
      <Filter>Header Files</Filter>
    </ClInclude>
    <ClInclude Include="..\..\AC\debugger.h">
      <Filter>Header Files</Filter>
    </ClInclude>
  </ItemGroup>
  <ItemGroup>
    <ClCompile Include="stdafx.cpp">
      <Filter>Source Files</Filter>
    </ClCompile>
    <ClCompile Include="testUC.cpp">
      <Filter>Source Files</Filter>
    </ClCompile>
    <ClCompile Include="..\drawManager.cpp">
      <Filter>Source Files</Filter>
    </ClCompile>
    <ClCompile Include="..\windowWnd.cpp">
      <Filter>Source Files</Filter>
    </ClCompile>
    <ClCompile Include="..\wucBase.cpp">
      <Filter>Source Files</Filter>
    </ClCompile>
    <ClCompile Include="..\wucContainer.cpp">
      <Filter>Source Files</Filter>
    </ClCompile>
    <ClCompile Include="..\wucControl.cpp">
      <Filter>Source Files</Filter>
    </ClCompile>
    <ClCompile Include="kpdeskDialog.cpp">
      <Filter>Source Files</Filter>
    </ClCompile>
    <ClCompile Include="..\..\AC\sysupport.cpp">
      <Filter>Source Files</Filter>
    </ClCompile>
    <ClCompile Include="..\..\AC\resourceManager.cpp">
      <Filter>Source Files</Filter>
    </ClCompile>
    <ClCompile Include="..\..\AC\draw\drawer.cpp">
      <Filter>Source Files</Filter>
    </ClCompile>
    <ClCompile Include="kpdeskNotify.cpp">
      <Filter>Source Files</Filter>
    </ClCompile>
    <ClCompile Include="..\wucAnimate.cpp">
      <Filter>Source Files</Filter>
    </ClCompile>
    <ClCompile Include="..\..\AC\image.cpp">
      <Filter>Source Files</Filter>
    </ClCompile>
    <ClCompile Include="..\..\AC\debugger.cpp">
      <Filter>Source Files</Filter>
    </ClCompile>
  </ItemGroup>
  <ItemGroup>
    <ResourceCompile Include="testUC.rc">
      <Filter>Resource Files</Filter>
    </ResourceCompile>
  </ItemGroup>
</Project>