
Microsoft Visual Studio Solution File, Format Version 11.00
# Visual Studio 2010
Project("{8BC9CEB8-8B4A-11D0-8D11-00A0C91BC942}") = "sqliteTest", "sqliteTest.vcxproj", "{07BA9126-8145-4789-B178-EBAF7939663A}"
EndProject
Global
	GlobalSection(SolutionConfigurationPlatforms) = preSolution
		Debug|Win32 = Debug|Win32
		Release|Win32 = Release|Win32
	EndGlobalSection
	GlobalSection(ProjectConfigurationPlatforms) = postSolution
		{07BA9126-8145-4789-B178-EBAF7939663A}.Debug|Win32.ActiveCfg = Debug|Win32
		{07BA9126-8145-4789-B178-EBAF7939663A}.Debug|Win32.Build.0 = Debug|Win32
		{07BA9126-8145-4789-B178-EBAF7939663A}.Release|Win32.ActiveCfg = Release|Win32
		{07BA9126-8145-4789-B178-EBAF7939663A}.Release|Win32.Build.0 = Release|Win32
	EndGlobalSection
	GlobalSection(SolutionProperties) = preSolution
		HideSolutionNode = FALSE
	EndGlobalSection
EndGlobal
