<?xml version="1.0" encoding="utf-8"?>
<Project ToolsVersion="4.0" xmlns="http://schemas.microsoft.com/developer/msbuild/2003">
  <ItemGroup>
    <Filter Include="Source Files">
      <UniqueIdentifier>{4FC737F1-C7A5-4376-A066-2A32D752A2FF}</UniqueIdentifier>
      <Extensions>cpp;c;cc;cxx;def;odl;idl;hpj;bat;asm;asmx</Extensions>
    </Filter>
    <Filter Include="Header Files">
      <UniqueIdentifier>{93995380-89BD-4b04-88EB-625FBE52EBFB}</UniqueIdentifier>
      <Extensions>h;hpp;hxx;hm;inl;inc;xsd</Extensions>
    </Filter>
    <Filter Include="Resource Files">
      <UniqueIdentifier>{67DA6AB6-F800-4c08-8B7A-83BB121AAD01}</UniqueIdentifier>
      <Extensions>rc;ico;cur;bmp;dlg;rc2;rct;bin;rgs;gif;jpg;jpeg;jpe;resx;tiff;tif;png;wav;mfcribbon-ms</Extensions>
    </Filter>
  </ItemGroup>
  <ItemGroup>
    <None Include="ReadMe.txt" />
  </ItemGroup>
  <ItemGroup>
    <ClInclude Include="stdafx.h">
      <Filter>Header Files</Filter>
    </ClInclude>
    <ClInclude Include="targetver.h">
      <Filter>Header Files</Filter>
    </ClInclude>
    <ClInclude Include="winUI.h">
      <Filter>Header Files</Filter>
    </ClInclude>
    <ClInclude Include="baseUI.h">
      <Filter>Header Files</Filter>
    </ClInclude>
    <ClInclude Include="managerUI.h">
      <Filter>Header Files</Filter>
    </ClInclude>
    <ClInclude Include="controlUI.h">
      <Filter>Header Files</Filter>
    </ClInclude>
    <ClInclude Include="delegateUI.h">
      <Filter>Header Files</Filter>
    </ClInclude>
    <ClInclude Include="renderUI.h">
      <Filter>Header Files</Filter>
    </ClInclude>
    <ClInclude Include="dlgbuilderUI.h">
      <Filter>Header Files</Filter>
    </ClInclude>
    <ClInclude Include="makeup.h">
      <Filter>Header Files</Filter>
    </ClInclude>
    <ClInclude Include="commonControls.h">
      <Filter>Header Files</Filter>
    </ClInclude>
    <ClInclude Include="containerUI.h">
      <Filter>Header Files</Filter>
    </ClInclude>
    <ClInclude Include="windowImplBase.h">
      <Filter>Header Files</Filter>
    </ClInclude>
    <ClInclude Include="richEditUI.h">
      <Filter>Header Files</Filter>
    </ClInclude>
  </ItemGroup>
  <ItemGroup>
    <ClCompile Include="stdafx.cpp">
      <Filter>Source Files</Filter>
    </ClCompile>
    <ClCompile Include="winUI.cpp">
      <Filter>Source Files</Filter>
    </ClCompile>
    <ClCompile Include="baseUI.cpp">
      <Filter>Source Files</Filter>
    </ClCompile>
    <ClCompile Include="managerUI.cpp">
      <Filter>Source Files</Filter>
    </ClCompile>
    <ClCompile Include="controlUI.cpp">
      <Filter>Source Files</Filter>
    </ClCompile>
    <ClCompile Include="delegateUI.cpp">
      <Filter>Source Files</Filter>
    </ClCompile>
    <ClCompile Include="renderUI.cpp">
      <Filter>Source Files</Filter>
    </ClCompile>
    <ClCompile Include="stb_image.c">
      <Filter>Source Files</Filter>
    </ClCompile>
    <ClCompile Include="XUnzip.cpp">
      <Filter>Source Files</Filter>
    </ClCompile>
    <ClCompile Include="dlgbuilderUI.cpp">
      <Filter>Source Files</Filter>
    </ClCompile>
    <ClCompile Include="makeup.cpp">
      <Filter>Source Files</Filter>
    </ClCompile>
    <ClCompile Include="commonControls.cpp">
      <Filter>Source Files</Filter>
    </ClCompile>
    <ClCompile Include="containerUI.cpp">
      <Filter>Source Files</Filter>
    </ClCompile>
    <ClCompile Include="windowImplBase.cpp">
      <Filter>Source Files</Filter>
    </ClCompile>
    <ClCompile Include="richEditUI.cpp">
      <Filter>Source Files</Filter>
    </ClCompile>
  </ItemGroup>
</Project>